
Microsoft Visual Studio Solution File, Format Version 12.00
# Visual Studio Version 16
VisualStudioVersion = 16.0.32428.217
MinimumVisualStudioVersion = 10.0.40219.1
Project("{FAE04EC0-301F-11D3-BF4B-00C04F79EFBC}") = "App_Xamarin.Android", "App_Xamarin.Android\App_Xamarin.Android.csproj", "{0BA90B60-0EF4-4A56-B9DE-7DDF49FC7437}"
EndProject
Project("{FAE04EC0-301F-11D3-BF4B-00C04F79EFBC}") = "App_Xamarin.iOS", "App_Xamarin.iOS\App_Xamarin.iOS.csproj", "{72217CC6-67B7-41FE-A433-50C19BD11F0E}"
EndProject
Project("{FAE04EC0-301F-11D3-BF4B-00C04F79EFBC}") = "App_Xamarin", "App_Xamarin\App_Xamarin.csproj", "{ACB163F3-EB52-49EF-AD0C-7D62CC14778F}"
EndProject
Global
	GlobalSection(SolutionConfigurationPlatforms) = preSolution
		Debug|Any CPU = Debug|Any CPU
		Debug|iPhone = Debug|iPhone
		Debug|iPhoneSimulator = Debug|iPhoneSimulator
		Release|Any CPU = Release|Any CPU
		Release|iPhone = Release|iPhone
		Release|iPhoneSimulator = Release|iPhoneSimulator
	EndGlobalSection
	GlobalSection(ProjectConfigurationPlatforms) = postSolution
		{0BA90B60-0EF4-4A56-B9DE-7DDF49FC7437}.Debug|Any CPU.ActiveCfg = Debug|Any CPU
		{0BA90B60-0EF4-4A56-B9DE-7DDF49FC7437}.Debug|Any CPU.Build.0 = Debug|Any CPU
		{0BA90B60-0EF4-4A56-B9DE-7DDF49FC7437}.Debug|Any CPU.Deploy.0 = Debug|Any CPU
		{0BA90B60-0EF4-4A56-B9DE-7DDF49FC7437}.Debug|iPhone.ActiveCfg = Debug|Any CPU
		{0BA90B60-0EF4-4A56-B9DE-7DDF49FC7437}.Debug|iPhone.Build.0 = Debug|Any CPU
		{0BA90B60-0EF4-4A56-B9DE-7DDF49FC7437}.Debug|iPhone.Deploy.0 = Debug|Any CPU
		{0BA90B60-0EF4-4A56-B9DE-7DDF49FC7437}.Debug|iPhoneSimulator.ActiveCfg = Debug|Any CPU
		{0BA90B60-0EF4-4A56-B9DE-7DDF49FC7437}.Debug|iPhoneSimulator.Build.0 = Debug|Any CPU
		{0BA90B60-0EF4-4A56-B9DE-7DDF49FC7437}.Debug|iPhoneSimulator.Deploy.0 = Debug|Any CPU
		{0BA90B60-0EF4-4A56-B9DE-7DDF49FC7437}.Release|Any CPU.ActiveCfg = Release|Any CPU
		{0BA90B60-0EF4-4A56-B9DE-7DDF49FC7437}.Release|Any CPU.Build.0 = Release|Any CPU
		{0BA90B60-0EF4-4A56-B9DE-7DDF49FC7437}.Release|Any CPU.Deploy.0 = Release|Any CPU
		{0BA90B60-0EF4-4A56-B9DE-7DDF49FC7437}.Release|iPhone.ActiveCfg = Release|Any CPU
		{0BA90B60-0EF4-4A56-B9DE-7DDF49FC7437}.Release|iPhone.Build.0 = Release|Any CPU
		{0BA90B60-0EF4-4A56-B9DE-7DDF49FC7437}.Release|iPhone.Deploy.0 = Release|Any CPU
		{0BA90B60-0EF4-4A56-B9DE-7DDF49FC7437}.Release|iPhoneSimulator.ActiveCfg = Release|Any CPU
		{0BA90B60-0EF4-4A56-B9DE-7DDF49FC7437}.Release|iPhoneSimulator.Build.0 = Release|Any CPU
		{0BA90B60-0EF4-4A56-B9DE-7DDF49FC7437}.Release|iPhoneSimulator.Deploy.0 = Release|Any CPU
		{72217CC6-67B7-41FE-A433-50C19BD11F0E}.Debug|Any CPU.ActiveCfg = Debug|iPhone
		{72217CC6-67B7-41FE-A433-50C19BD11F0E}.Debug|Any CPU.Build.0 = Debug|iPhone
		{72217CC6-67B7-41FE-A433-50C19BD11F0E}.Debug|Any CPU.Deploy.0 = Debug|iPhone
		{72217CC6-67B7-41FE-A433-50C19BD11F0E}.Debug|iPhone.ActiveCfg = Debug|iPhone
		{72217CC6-67B7-41FE-A433-50C19BD11F0E}.Debug|iPhone.Build.0 = Debug|iPhone
		{72217CC6-67B7-41FE-A433-50C19BD11F0E}.Debug|iPhone.Deploy.0 = Debug|iPhone
		{72217CC6-67B7-41FE-A433-50C19BD11F0E}.Debug|iPhoneSimulator.ActiveCfg = Debug|iPhoneSimulator
		{72217CC6-67B7-41FE-A433-50C19BD11F0E}.Debug|iPhoneSimulator.Build.0 = Debug|iPhoneSimulator
		{72217CC6-67B7-41FE-A433-50C19BD11F0E}.Debug|iPhoneSimulator.Deploy.0 = Debug|iPhoneSimulator
		{72217CC6-67B7-41FE-A433-50C19BD11F0E}.Release|Any CPU.ActiveCfg = Release|iPhoneSimulator
		{72217CC6-67B7-41FE-A433-50C19BD11F0E}.Release|Any CPU.Build.0 = Release|iPhoneSimulator
		{72217CC6-67B7-41FE-A433-50C19BD11F0E}.Release|Any CPU.Deploy.0 = Release|iPhoneSimulator
		{72217CC6-67B7-41FE-A433-50C19BD11F0E}.Release|iPhone.ActiveCfg = Release|iPhone
		{72217CC6-67B7-41FE-A433-50C19BD11F0E}.Release|iPhone.Build.0 = Release|iPhone
		{72217CC6-67B7-41FE-A433-50C19BD11F0E}.Release|iPhone.Deploy.0 = Release|iPhone
		{72217CC6-67B7-41FE-A433-50C19BD11F0E}.Release|iPhoneSimulator.ActiveCfg = Release|iPhoneSimulator
		{72217CC6-67B7-41FE-A433-50C19BD11F0E}.Release|iPhoneSimulator.Build.0 = Release|iPhoneSimulator
		{72217CC6-67B7-41FE-A433-50C19BD11F0E}.Release|iPhoneSimulator.Deploy.0 = Release|iPhoneSimulator
		{ACB163F3-EB52-49EF-AD0C-7D62CC14778F}.Debug|Any CPU.ActiveCfg = Debug|Any CPU
		{ACB163F3-EB52-49EF-AD0C-7D62CC14778F}.Debug|Any CPU.Build.0 = Debug|Any CPU
		{ACB163F3-EB52-49EF-AD0C-7D62CC14778F}.Debug|Any CPU.Deploy.0 = Debug|Any CPU
		{ACB163F3-EB52-49EF-AD0C-7D62CC14778F}.Debug|iPhone.ActiveCfg = Debug|Any CPU
		{ACB163F3-EB52-49EF-AD0C-7D62CC14778F}.Debug|iPhone.Build.0 = Debug|Any CPU
		{ACB163F3-EB52-49EF-AD0C-7D62CC14778F}.Debug|iPhone.Deploy.0 = Debug|Any CPU
		{ACB163F3-EB52-49EF-AD0C-7D62CC14778F}.Debug|iPhoneSimulator.ActiveCfg = Debug|Any CPU
		{ACB163F3-EB52-49EF-AD0C-7D62CC14778F}.Debug|iPhoneSimulator.Build.0 = Debug|Any CPU
		{ACB163F3-EB52-49EF-AD0C-7D62CC14778F}.Debug|iPhoneSimulator.Deploy.0 = Debug|Any CPU
		{ACB163F3-EB52-49EF-AD0C-7D62CC14778F}.Release|Any CPU.ActiveCfg = Release|Any CPU
		{ACB163F3-EB52-49EF-AD0C-7D62CC14778F}.Release|Any CPU.Build.0 = Release|Any CPU
		{ACB163F3-EB52-49EF-AD0C-7D62CC14778F}.Release|Any CPU.Deploy.0 = Release|Any CPU
		{ACB163F3-EB52-49EF-AD0C-7D62CC14778F}.Release|iPhone.ActiveCfg = Release|Any CPU
		{ACB163F3-EB52-49EF-AD0C-7D62CC14778F}.Release|iPhone.Build.0 = Release|Any CPU
		{ACB163F3-EB52-49EF-AD0C-7D62CC14778F}.Release|iPhone.Deploy.0 = Release|Any CPU
		{ACB163F3-EB52-49EF-AD0C-7D62CC14778F}.Release|iPhoneSimulator.ActiveCfg = Release|Any CPU
		{ACB163F3-EB52-49EF-AD0C-7D62CC14778F}.Release|iPhoneSimulator.Build.0 = Release|Any CPU
		{ACB163F3-EB52-49EF-AD0C-7D62CC14778F}.Release|iPhoneSimulator.Deploy.0 = Release|Any CPU
	EndGlobalSection
	GlobalSection(SolutionProperties) = preSolution
		HideSolutionNode = FALSE
	EndGlobalSection
	GlobalSection(ExtensibilityGlobals) = postSolution
		SolutionGuid = {5B6DB7D8-C095-4C4A-8BF0-800C2DFB6A5D}
	EndGlobalSection
EndGlobal
